
Microsoft Visual Studio Solution File, Format Version 12.00
# Visual Studio Version 17
VisualStudioVersion = 17.8.34601.278
MinimumVisualStudioVersion = 10.0.40219.1
Project("{FAE04EC0-301F-11D3-BF4B-00C04F79EFBC}") = "JsonTransformLibrary", "JsonTransformLibrary\JsonTransformLibrary.csproj", "{FB7146D7-3A83-42D6-A02D-B48FEBF86D3C}"
EndProject
Project("{FAE04EC0-301F-11D3-BF4B-00C04F79EFBC}") = "JsonTransformTest", "JsonTransformTest\JsonTransformTest.csproj", "{3BF227C6-1E0D-4172-9D07-DA56B5175135}"
EndProject
Project("{FAE04EC0-301F-11D3-BF4B-00C04F79EFBC}") = "JsonTranformApi", "JsonTranformApi\JsonTranformApi.csproj", "{07408CE6-5E03-4EFF-BADD-BAF1D06930C5}"
EndProject
Global
	GlobalSection(SolutionConfigurationPlatforms) = preSolution
		Debug|Any CPU = Debug|Any CPU
		Release|Any CPU = Release|Any CPU
	EndGlobalSection
	GlobalSection(ProjectConfigurationPlatforms) = postSolution
		{FB7146D7-3A83-42D6-A02D-B48FEBF86D3C}.Debug|Any CPU.ActiveCfg = Debug|Any CPU
		{FB7146D7-3A83-42D6-A02D-B48FEBF86D3C}.Debug|Any CPU.Build.0 = Debug|Any CPU
		{FB7146D7-3A83-42D6-A02D-B48FEBF86D3C}.Release|Any CPU.ActiveCfg = Release|Any CPU
		{FB7146D7-3A83-42D6-A02D-B48FEBF86D3C}.Release|Any CPU.Build.0 = Release|Any CPU
		{3BF227C6-1E0D-4172-9D07-DA56B5175135}.Debug|Any CPU.ActiveCfg = Debug|Any CPU
		{3BF227C6-1E0D-4172-9D07-DA56B5175135}.Debug|Any CPU.Build.0 = Debug|Any CPU
		{3BF227C6-1E0D-4172-9D07-DA56B5175135}.Release|Any CPU.ActiveCfg = Release|Any CPU
		{3BF227C6-1E0D-4172-9D07-DA56B5175135}.Release|Any CPU.Build.0 = Release|Any CPU
		{07408CE6-5E03-4EFF-BADD-BAF1D06930C5}.Debug|Any CPU.ActiveCfg = Debug|Any CPU
		{07408CE6-5E03-4EFF-BADD-BAF1D06930C5}.Debug|Any CPU.Build.0 = Debug|Any CPU
		{07408CE6-5E03-4EFF-BADD-BAF1D06930C5}.Release|Any CPU.ActiveCfg = Release|Any CPU
		{07408CE6-5E03-4EFF-BADD-BAF1D06930C5}.Release|Any CPU.Build.0 = Release|Any CPU
	EndGlobalSection
	GlobalSection(SolutionProperties) = preSolution
		HideSolutionNode = FALSE
	EndGlobalSection
	GlobalSection(ExtensibilityGlobals) = postSolution
		SolutionGuid = {1BDD1099-33A5-4D8E-92BC-C647C3648FE5}
	EndGlobalSection
EndGlobal
